
Microsoft Visual Studio Solution File, Format Version 11.00
# Visual Studio 2010
Project("{FAE04EC0-301F-11D3-BF4B-00C04F79EFBC}") = "Assembly-CSharp", "Assembly-CSharp.csproj", "{fa923beb-44e0-4c49-9e42-62017527bf45}"
EndProject
Project("{FAE04EC0-301F-11D3-BF4B-00C04F79EFBC}") = "Assembly-CSharp-Editor", "Assembly-CSharp-Editor.csproj", "{096a7988-95fd-9e67-373d-d672add3539e}"
EndProject
Global
	GlobalSection(SolutionConfigurationPlatforms) = preSolution
		Debug|Any CPU = Debug|Any CPU
	EndGlobalSection
	GlobalSection(ProjectConfigurationPlatforms) = postSolution
		{fa923beb-44e0-4c49-9e42-62017527bf45}.Debug|Any CPU.ActiveCfg = Debug|Any CPU
		{fa923beb-44e0-4c49-9e42-62017527bf45}.Debug|Any CPU.Build.0 = Debug|Any CPU
		{096a7988-95fd-9e67-373d-d672add3539e}.Debug|Any CPU.ActiveCfg = Debug|Any CPU
		{096a7988-95fd-9e67-373d-d672add3539e}.Debug|Any CPU.Build.0 = Debug|Any CPU
	EndGlobalSection
	GlobalSection(SolutionProperties) = preSolution
		HideSolutionNode = FALSE
	EndGlobalSection
EndGlobal
